github.com/amozoss/atest v0.0.0-20170113160409-c00887f59a73 h1:6Jjf7MbegoOB0O3yw44+KdEOW7IBi1WhHvRl/nLgpQs=
github.com/amozoss/atest v0.0.0-20170113160409-c00887f59a73/go.mod h1:YIWIOLVpQhWwp3hMuZmDb8z+u/K0KWSuHTXGhbobZto=
github.com/spacemonkeygo/errors v0.0.0-20171212215202-9064522e9fd1 h1:xHQewZjohU9/wUsyC99navCjQDNHtTgUOM/J1jAbzfw=
github.com/spacemonkeygo/errors v0.0.0-20171212215202-9064522e9fd1/go.mod h1:7NL9UAYQnRM5iKHUCld3tf02fKb5Dft+41+VckASUy0=
